
Microsoft Visual Studio Solution File, Format Version 12.00
# Visual Studio Version 17
VisualStudioVersion = 17.5.002.0
MinimumVisualStudioVersion = 10.0.40219.1
Project("{9A19103F-16F7-4668-BE54-9A1E7A4F7556}") = "DiceApp", "DiceApp.csproj", "{5271BA8C-5330-4F96-BA4B-1E8EABBFD069}"
EndProject
Global
	GlobalSection(SolutionConfigurationPlatforms) = preSolution
		Debug|Any CPU = Debug|Any CPU
		Release|Any CPU = Release|Any CPU
	EndGlobalSection
	GlobalSection(ProjectConfigurationPlatforms) = postSolution
		{5271BA8C-5330-4F96-BA4B-1E8EABBFD069}.Debug|Any CPU.ActiveCfg = Debug|Any CPU
		{5271BA8C-5330-4F96-BA4B-1E8EABBFD069}.Debug|Any CPU.Build.0 = Debug|Any CPU
		{5271BA8C-5330-4F96-BA4B-1E8EABBFD069}.Release|Any CPU.ActiveCfg = Release|Any CPU
		{5271BA8C-5330-4F96-BA4B-1E8EABBFD069}.Release|Any CPU.Build.0 = Release|Any CPU
	EndGlobalSection
	GlobalSection(SolutionProperties) = preSolution
		HideSolutionNode = FALSE
	EndGlobalSection
	GlobalSection(ExtensibilityGlobals) = postSolution
		SolutionGuid = {71D7D03B-65B8-4238-8F36-1089E6AEE9DA}
	EndGlobalSection
EndGlobal
